
Microsoft Visual Studio Solution File, Format Version 12.00
# Visual Studio 15
VisualStudioVersion = 15.0.28307.168
MinimumVisualStudioVersion = 10.0.40219.1
Project("{FAE04EC0-301F-11D3-BF4B-00C04F79EFBC}") = "GoogleCalender_Demo", "GoogleCalender_Demo\GoogleCalender_Demo.csproj", "{7640AC04-1E0C-41F4-A3BA-F7FCA3AD5102}"
EndProject
Global
	GlobalSection(SolutionConfigurationPlatforms) = preSolution
		Debug|Any CPU = Debug|Any CPU
		Release|Any CPU = Release|Any CPU
	EndGlobalSection
	GlobalSection(ProjectConfigurationPlatforms) = postSolution
		{7640AC04-1E0C-41F4-A3BA-F7FCA3AD5102}.Debug|Any CPU.ActiveCfg = Debug|Any CPU
		{7640AC04-1E0C-41F4-A3BA-F7FCA3AD5102}.Debug|Any CPU.Build.0 = Debug|Any CPU
		{7640AC04-1E0C-41F4-A3BA-F7FCA3AD5102}.Release|Any CPU.ActiveCfg = Release|Any CPU
		{7640AC04-1E0C-41F4-A3BA-F7FCA3AD5102}.Release|Any CPU.Build.0 = Release|Any CPU
	EndGlobalSection
	GlobalSection(SolutionProperties) = preSolution
		HideSolutionNode = FALSE
	EndGlobalSection
	GlobalSection(ExtensibilityGlobals) = postSolution
		SolutionGuid = {65D40843-6621-450C-AE69-1F32A8B07B07}
	EndGlobalSection
EndGlobal
